github.com/ebitengine/purego v0.10.1 h1:dewVBCBT2GaMu1SrNTYxQhgQBethzfhiwvZiLGP/qyY=
github.com/ebitengine/purego v0.10.1/go.mod h1:iIjxzd6CiRiOG0UyXP+V1+jWqUXVjPKLAI0mRfJZTmQ=
github.com/gen2brain/webp v0.6.4 h1:SUDdmxADOAiPQ+5ylNmuHhuYf2dOi0KgKZHL5vpVCNU=
github.com/gen2brain/webp v0.6.4/go.mod h1:iGWMaCSw7t3I/Cv9llzEKmpnR36S8lS8VL/ZVjxU0JE=
